
Microsoft Visual Studio Solution File, Format Version 12.00
# Visual Studio Version 16
VisualStudioVersion = 16.0.31424.327
MinimumVisualStudioVersion = 10.0.40219.1
Project("{2150E333-8FDC-42A3-9474-1A3956D46DE8}") = "Backend", "Backend", "{50AD825F-9E2E-4CC4-B6F5-9D264E983EB5}"
EndProject
Project("{2150E333-8FDC-42A3-9474-1A3956D46DE8}") = "Frontend", "Frontend", "{3676019C-4CD7-4398-977A-625C008EF595}"
EndProject
Project("{2150E333-8FDC-42A3-9474-1A3956D46DE8}") = "Shared", "Shared", "{BCD1E6B0-6C1A-4352-80CC-725CAB31C0A3}"
EndProject
Project("{FAE04EC0-301F-11D3-BF4B-00C04F79EFBC}") = "GJJP8B_HFT_2021221.Models", "GJJP8B_HFT_2021221.Models\GJJP8B_HFT_2021221.Models.csproj", "{D3423761-2A3A-4358-B3D3-586DC1E59DE4}"
EndProject
Project("{FAE04EC0-301F-11D3-BF4B-00C04F79EFBC}") = "GJJP8B_HFT_2021221.Data", "GJJP8B_HFT_2021221.Data\GJJP8B_HFT_2021221.Data.csproj", "{84ADA848-FC43-463E-A200-F05ABE26BB21}"
EndProject
Project("{FAE04EC0-301F-11D3-BF4B-00C04F79EFBC}") = "GJJP8B_HFT_2021221.Logic", "GJJP8B_HFT_2021221.Logic\GJJP8B_HFT_2021221.Logic.csproj", "{153427D7-605A-425B-9DA0-0393944B905F}"
EndProject
Project("{FAE04EC0-301F-11D3-BF4B-00C04F79EFBC}") = "GJJP8B_HFT_2021221.Repository", "GJJP8B_HFT_2021221.Repository\GJJP8B_HFT_2021221.Repository.csproj", "{2A4C3177-2F2B-467E-80AF-BC9A0AF8A094}"
EndProject
Project("{FAE04EC0-301F-11D3-BF4B-00C04F79EFBC}") = "GJJP8B_HFT_2021221.Endpoint", "GJJP8B_HFT_2021221.Endpoint\GJJP8B_HFT_2021221.Endpoint.csproj", "{717754EE-0EA6-4712-87C0-35E6EC5975FE}"
EndProject
Project("{FAE04EC0-301F-11D3-BF4B-00C04F79EFBC}") = "GJJP8B_HFT_2021221.Test", "GJJP8B_HFT_2021221.Test\GJJP8B_HFT_2021221.Test.csproj", "{AD708320-1C56-4CB4-911C-5BCABB6FEEC1}"
EndProject
Project("{FAE04EC0-301F-11D3-BF4B-00C04F79EFBC}") = "GJJP8B_HFT_2021221.Client", "GJJP8B_HFT_2021221.Client\GJJP8B_HFT_2021221.Client.csproj", "{B6AE5F6C-2689-46EB-85FD-380145608D68}"
EndProject
Global
	GlobalSection(SolutionConfigurationPlatforms) = preSolution
		Debug|Any CPU = Debug|Any CPU
		Release|Any CPU = Release|Any CPU
	EndGlobalSection
	GlobalSection(ProjectConfigurationPlatforms) = postSolution
		{D3423761-2A3A-4358-B3D3-586DC1E59DE4}.Debug|Any CPU.ActiveCfg = Debug|Any CPU
		{D3423761-2A3A-4358-B3D3-586DC1E59DE4}.Debug|Any CPU.Build.0 = Debug|Any CPU
		{D3423761-2A3A-4358-B3D3-586DC1E59DE4}.Release|Any CPU.ActiveCfg = Release|Any CPU
		{D3423761-2A3A-4358-B3D3-586DC1E59DE4}.Release|Any CPU.Build.0 = Release|Any CPU
		{84ADA848-FC43-463E-A200-F05ABE26BB21}.Debug|Any CPU.ActiveCfg = Debug|Any CPU
		{84ADA848-FC43-463E-A200-F05ABE26BB21}.Debug|Any CPU.Build.0 = Debug|Any CPU
		{84ADA848-FC43-463E-A200-F05ABE26BB21}.Release|Any CPU.ActiveCfg = Release|Any CPU
		{84ADA848-FC43-463E-A200-F05ABE26BB21}.Release|Any CPU.Build.0 = Release|Any CPU
		{153427D7-605A-425B-9DA0-0393944B905F}.Debug|Any CPU.ActiveCfg = Debug|Any CPU
		{153427D7-605A-425B-9DA0-0393944B905F}.Debug|Any CPU.Build.0 = Debug|Any CPU
		{153427D7-605A-425B-9DA0-0393944B905F}.Release|Any CPU.ActiveCfg = Release|Any CPU
		{153427D7-605A-425B-9DA0-0393944B905F}.Release|Any CPU.Build.0 = Release|Any CPU
		{2A4C3177-2F2B-467E-80AF-BC9A0AF8A094}.Debug|Any CPU.ActiveCfg = Debug|Any CPU
		{2A4C3177-2F2B-467E-80AF-BC9A0AF8A094}.Debug|Any CPU.Build.0 = Debug|Any CPU
		{2A4C3177-2F2B-467E-80AF-BC9A0AF8A094}.Release|Any CPU.ActiveCfg = Release|Any CPU
		{2A4C3177-2F2B-467E-80AF-BC9A0AF8A094}.Release|Any CPU.Build.0 = Release|Any CPU
		{717754EE-0EA6-4712-87C0-35E6EC5975FE}.Debug|Any CPU.ActiveCfg = Debug|Any CPU
		{717754EE-0EA6-4712-87C0-35E6EC5975FE}.Debug|Any CPU.Build.0 = Debug|Any CPU
		{717754EE-0EA6-4712-87C0-35E6EC5975FE}.Release|Any CPU.ActiveCfg = Release|Any CPU
		{717754EE-0EA6-4712-87C0-35E6EC5975FE}.Release|Any CPU.Build.0 = Release|Any CPU
		{AD708320-1C56-4CB4-911C-5BCABB6FEEC1}.Debug|Any CPU.ActiveCfg = Debug|Any CPU
		{AD708320-1C56-4CB4-911C-5BCABB6FEEC1}.Debug|Any CPU.Build.0 = Debug|Any CPU
		{AD708320-1C56-4CB4-911C-5BCABB6FEEC1}.Release|Any CPU.ActiveCfg = Release|Any CPU
		{AD708320-1C56-4CB4-911C-5BCABB6FEEC1}.Release|Any CPU.Build.0 = Release|Any CPU
		{B6AE5F6C-2689-46EB-85FD-380145608D68}.Debug|Any CPU.ActiveCfg = Debug|Any CPU
		{B6AE5F6C-2689-46EB-85FD-380145608D68}.Debug|Any CPU.Build.0 = Debug|Any CPU
		{B6AE5F6C-2689-46EB-85FD-380145608D68}.Release|Any CPU.ActiveCfg = Release|Any CPU
		{B6AE5F6C-2689-46EB-85FD-380145608D68}.Release|Any CPU.Build.0 = Release|Any CPU
	EndGlobalSection
	GlobalSection(SolutionProperties) = preSolution
		HideSolutionNode = FALSE
	EndGlobalSection
	GlobalSection(NestedProjects) = preSolution
		{D3423761-2A3A-4358-B3D3-586DC1E59DE4} = {BCD1E6B0-6C1A-4352-80CC-725CAB31C0A3}
		{84ADA848-FC43-463E-A200-F05ABE26BB21} = {50AD825F-9E2E-4CC4-B6F5-9D264E983EB5}
		{153427D7-605A-425B-9DA0-0393944B905F} = {50AD825F-9E2E-4CC4-B6F5-9D264E983EB5}
		{2A4C3177-2F2B-467E-80AF-BC9A0AF8A094} = {50AD825F-9E2E-4CC4-B6F5-9D264E983EB5}
		{717754EE-0EA6-4712-87C0-35E6EC5975FE} = {50AD825F-9E2E-4CC4-B6F5-9D264E983EB5}
		{AD708320-1C56-4CB4-911C-5BCABB6FEEC1} = {50AD825F-9E2E-4CC4-B6F5-9D264E983EB5}
		{B6AE5F6C-2689-46EB-85FD-380145608D68} = {3676019C-4CD7-4398-977A-625C008EF595}
	EndGlobalSection
	GlobalSection(ExtensibilityGlobals) = postSolution
		SolutionGuid = {B55CCCB9-BFCA-4DC4-B0BE-1F8EA3962810}
	EndGlobalSection
EndGlobal
